
Microsoft Visual Studio Solution File, Format Version 12.00
# Visual Studio 15
VisualStudioVersion = 15.0.25807.0
MinimumVisualStudioVersion = 10.0.40219.1
Project("{2150E333-8FDC-42A3-9474-1A3956D46DE8}") = "Engine", "Engine", "{E8AFD74C-8E2D-4143-A142-2D814BA58F50}"
EndProject
Project("{2150E333-8FDC-42A3-9474-1A3956D46DE8}") = "Games", "Games", "{45A9824D-FAC9-4C98-8CC0-54E4079AA073}"
EndProject
Project("{8BC9CEB8-8B4A-11D0-8D11-00A0C91BC942}") = "Chess", "Intermediate\ProjectFiles\Chess.vcxproj", "{8F2CAE0F-40DB-41C0-808A-847C88E0B949}"
EndProject
Project("{8BC9CEB8-8B4A-11D0-8D11-00A0C91BC942}") = "UE4", "Intermediate\ProjectFiles\UE4.vcxproj", "{16970A2F-E1FD-457D-8BF9-1A6D6A847363}"
EndProject
Project("{2150E333-8FDC-42A3-9474-1A3956D46DE8}") = "Visualizers", "Visualizers", "{14C077D7-1463-4246-826B-B2415D3291E0}"
	ProjectSection(SolutionItems) = preProject
		..\..\..\..\Games\Epic Games\UE_4.22\Engine\Extras\VisualStudioDebugging\UE4.natvis = ..\..\..\..\Games\Epic Games\UE_4.22\Engine\Extras\VisualStudioDebugging\UE4.natvis
	EndProjectSection
EndProject
Global
	GlobalSection(SolutionConfigurationPlatforms) = preSolution
		DebugGame Editor|HTML5 = DebugGame Editor|HTML5
		DebugGame Editor|Win32 = DebugGame Editor|Win32
		DebugGame Editor|Win64 = DebugGame Editor|Win64
		DebugGame|HTML5 = DebugGame|HTML5
		DebugGame|Win32 = DebugGame|Win32
		DebugGame|Win64 = DebugGame|Win64
		Development Editor|HTML5 = Development Editor|HTML5
		Development Editor|Win32 = Development Editor|Win32
		Development Editor|Win64 = Development Editor|Win64
		Development|HTML5 = Development|HTML5
		Development|Win32 = Development|Win32
		Development|Win64 = Development|Win64
		Shipping|HTML5 = Shipping|HTML5
		Shipping|Win32 = Shipping|Win32
		Shipping|Win64 = Shipping|Win64
	EndGlobalSection
	GlobalSection(ProjectConfigurationPlatforms) = postSolution
		{8F2CAE0F-40DB-41C0-808A-847C88E0B949}.DebugGame Editor|HTML5.ActiveCfg = Invalid|Win32
		{8F2CAE0F-40DB-41C0-808A-847C88E0B949}.DebugGame Editor|Win32.ActiveCfg = Invalid|Win32
		{8F2CAE0F-40DB-41C0-808A-847C88E0B949}.DebugGame Editor|Win64.ActiveCfg = DebugGame_Editor|x64
		{8F2CAE0F-40DB-41C0-808A-847C88E0B949}.DebugGame Editor|Win64.Build.0 = DebugGame_Editor|x64
		{8F2CAE0F-40DB-41C0-808A-847C88E0B949}.DebugGame|HTML5.ActiveCfg = HTML5_DebugGame|Win32
		{8F2CAE0F-40DB-41C0-808A-847C88E0B949}.DebugGame|HTML5.Build.0 = HTML5_DebugGame|Win32
		{8F2CAE0F-40DB-41C0-808A-847C88E0B949}.DebugGame|Win32.ActiveCfg = DebugGame|Win32
		{8F2CAE0F-40DB-41C0-808A-847C88E0B949}.DebugGame|Win32.Build.0 = DebugGame|Win32
		{8F2CAE0F-40DB-41C0-808A-847C88E0B949}.DebugGame|Win64.ActiveCfg = DebugGame|x64
		{8F2CAE0F-40DB-41C0-808A-847C88E0B949}.DebugGame|Win64.Build.0 = DebugGame|x64
		{8F2CAE0F-40DB-41C0-808A-847C88E0B949}.Development Editor|HTML5.ActiveCfg = Invalid|Win32
		{8F2CAE0F-40DB-41C0-808A-847C88E0B949}.Development Editor|Win32.ActiveCfg = Invalid|Win32
		{8F2CAE0F-40DB-41C0-808A-847C88E0B949}.Development Editor|Win64.ActiveCfg = Development_Editor|x64
		{8F2CAE0F-40DB-41C0-808A-847C88E0B949}.Development Editor|Win64.Build.0 = Development_Editor|x64
		{8F2CAE0F-40DB-41C0-808A-847C88E0B949}.Development|HTML5.ActiveCfg = HTML5_Development|Win32
		{8F2CAE0F-40DB-41C0-808A-847C88E0B949}.Development|HTML5.Build.0 = HTML5_Development|Win32
		{8F2CAE0F-40DB-41C0-808A-847C88E0B949}.Development|Win32.ActiveCfg = Development|Win32
		{8F2CAE0F-40DB-41C0-808A-847C88E0B949}.Development|Win32.Build.0 = Development|Win32
		{8F2CAE0F-40DB-41C0-808A-847C88E0B949}.Development|Win64.ActiveCfg = Development|x64
		{8F2CAE0F-40DB-41C0-808A-847C88E0B949}.Development|Win64.Build.0 = Development|x64
		{8F2CAE0F-40DB-41C0-808A-847C88E0B949}.Shipping|HTML5.ActiveCfg = HTML5_Shipping|Win32
		{8F2CAE0F-40DB-41C0-808A-847C88E0B949}.Shipping|HTML5.Build.0 = HTML5_Shipping|Win32
		{8F2CAE0F-40DB-41C0-808A-847C88E0B949}.Shipping|Win32.ActiveCfg = Shipping|Win32
		{8F2CAE0F-40DB-41C0-808A-847C88E0B949}.Shipping|Win32.Build.0 = Shipping|Win32
		{8F2CAE0F-40DB-41C0-808A-847C88E0B949}.Shipping|Win64.ActiveCfg = Shipping|x64
		{8F2CAE0F-40DB-41C0-808A-847C88E0B949}.Shipping|Win64.Build.0 = Shipping|x64
		{16970A2F-E1FD-457D-8BF9-1A6D6A847363}.DebugGame Editor|HTML5.ActiveCfg = BuiltWithUnrealBuildTool|Win32
		{16970A2F-E1FD-457D-8BF9-1A6D6A847363}.DebugGame Editor|Win32.ActiveCfg = BuiltWithUnrealBuildTool|Win32
		{16970A2F-E1FD-457D-8BF9-1A6D6A847363}.DebugGame Editor|Win64.ActiveCfg = BuiltWithUnrealBuildTool|Win32
		{16970A2F-E1FD-457D-8BF9-1A6D6A847363}.DebugGame|HTML5.ActiveCfg = BuiltWithUnrealBuildTool|Win32
		{16970A2F-E1FD-457D-8BF9-1A6D6A847363}.DebugGame|Win32.ActiveCfg = BuiltWithUnrealBuildTool|Win32
		{16970A2F-E1FD-457D-8BF9-1A6D6A847363}.DebugGame|Win64.ActiveCfg = BuiltWithUnrealBuildTool|Win32
		{16970A2F-E1FD-457D-8BF9-1A6D6A847363}.Development Editor|HTML5.ActiveCfg = BuiltWithUnrealBuildTool|Win32
		{16970A2F-E1FD-457D-8BF9-1A6D6A847363}.Development Editor|Win32.ActiveCfg = BuiltWithUnrealBuildTool|Win32
		{16970A2F-E1FD-457D-8BF9-1A6D6A847363}.Development Editor|Win64.ActiveCfg = BuiltWithUnrealBuildTool|Win32
		{16970A2F-E1FD-457D-8BF9-1A6D6A847363}.Development|HTML5.ActiveCfg = BuiltWithUnrealBuildTool|Win32
		{16970A2F-E1FD-457D-8BF9-1A6D6A847363}.Development|Win32.ActiveCfg = BuiltWithUnrealBuildTool|Win32
		{16970A2F-E1FD-457D-8BF9-1A6D6A847363}.Development|Win64.ActiveCfg = BuiltWithUnrealBuildTool|Win32
		{16970A2F-E1FD-457D-8BF9-1A6D6A847363}.Shipping|HTML5.ActiveCfg = BuiltWithUnrealBuildTool|Win32
		{16970A2F-E1FD-457D-8BF9-1A6D6A847363}.Shipping|Win32.ActiveCfg = BuiltWithUnrealBuildTool|Win32
		{16970A2F-E1FD-457D-8BF9-1A6D6A847363}.Shipping|Win64.ActiveCfg = BuiltWithUnrealBuildTool|Win32
	EndGlobalSection
	GlobalSection(SolutionProperties) = preSolution
		HideSolutionNode = FALSE
	EndGlobalSection
	GlobalSection(NestedProjects) = preSolution
		{16970A2F-E1FD-457D-8BF9-1A6D6A847363} = {E8AFD74C-8E2D-4143-A142-2D814BA58F50}
		{8F2CAE0F-40DB-41C0-808A-847C88E0B949} = {45A9824D-FAC9-4C98-8CC0-54E4079AA073}
	EndGlobalSection
EndGlobal
